Microsoft Visual Studio Solution File, Format Version 12.00
# Visual Studio Version 17
VisualStudioVersion = 17.5.2.0
MinimumVisualStudioVersion = 10.0.40219.1
Project("{FAE04EC0-301F-11D3-BF4B-00C04F79EFBC}") = "LocalLLMAPI", "LocalLLMAPI.csproj", "{4151B838-587F-3D99-C183-6B68EFAD5BFB}"
EndProject
Global
	GlobalSection(SolutionConfigurationPlatforms) = preSolution
		Debug|Any CPU = Debug|Any CPU
		Release|Any CPU = Release|Any CPU
	EndGlobalSection
	GlobalSection(ProjectConfigurationPlatforms) = postSolution
		{4151B838-587F-3D99-C183-6B68EFAD5BFB}.Debug|Any CPU.ActiveCfg = Debug|Any CPU
		{4151B838-587F-3D99-C183-6B68EFAD5BFB}.Debug|Any CPU.Build.0 = Debug|Any CPU
		{4151B838-587F-3D99-C183-6B68EFAD5BFB}.Release|Any CPU.ActiveCfg = Release|Any CPU
		{4151B838-587F-3D99-C183-6B68EFAD5BFB}.Release|Any CPU.Build.0 = Release|Any CPU
	EndGlobalSection
	GlobalSection(SolutionProperties) = preSolution
		HideSolutionNode = FALSE
	EndGlobalSection
	GlobalSection(ExtensibilityGlobals) = postSolution
		SolutionGuid = {6B90A485-E084-4F8D-851A-E85BA68C14CE}
	EndGlobalSection
EndGlobal
